
Microsoft Visual Studio Solution File, Format Version 12.00
Project("{FAE04EC0-301F-11D3-BF4B-00C04F79EFBC}") = "Cwiczenia2n", "Cwiczenia2n\Cwiczenia2n.csproj", "{8C515D30-5CC7-460F-AD73-6A18A40B1237}"
EndProject
Global
	GlobalSection(SolutionConfigurationPlatforms) = preSolution
		Debug|Any CPU = Debug|Any CPU
		Release|Any CPU = Release|Any CPU
	EndGlobalSection
	GlobalSection(ProjectConfigurationPlatforms) = postSolution
		{8C515D30-5CC7-460F-AD73-6A18A40B1237}.Debug|Any CPU.ActiveCfg = Debug|Any CPU
		{8C515D30-5CC7-460F-AD73-6A18A40B1237}.Debug|Any CPU.Build.0 = Debug|Any CPU
		{8C515D30-5CC7-460F-AD73-6A18A40B1237}.Release|Any CPU.ActiveCfg = Release|Any CPU
		{8C515D30-5CC7-460F-AD73-6A18A40B1237}.Release|Any CPU.Build.0 = Release|Any CPU
	EndGlobalSection
EndGlobal
